{
  "name": "project",
  "version": "1.0.0",
  "lockfileVersion": 2,
  "requires": true,
  "packages": {
    "": {
      "name": "project",
      "version": "1.0.0",
      "license": "ISC",
      "dependencies": {
        "tinymce": "^6.1.2"
      }
    },
    "node_modules/tinymce": {
      "version": "6.1.2",
      "resolved": "https://registry.npmjs.org/tinymce/-/tinymce-6.1.2.tgz",
      "integrity": "sha512-tl4KbEKdPzyPTatJkblN2AqzRj9jaRGyATnwaSnsLFGKb4AI6B+4e0Gc8dUDXuqAjgSnHokhzamrQJLbSn4CmQ=="
    }
  },
  "dependencies": {
    "tinymce": {
      "version": "6.1.2",
      "resolved": "https://registry.npmjs.org/tinymce/-/tinymce-6.1.2.tgz",
      "integrity": "sha512-tl4KbEKdPzyPTatJkblN2AqzRj9jaRGyATnwaSnsLFGKb4AI6B+4e0Gc8dUDXuqAjgSnHokhzamrQJLbSn4CmQ=="
    }
  }
}
